{
	"name": "protvista-structure",
	"version": "1.0.1-alpha.0",
	"lockfileVersion": 1,
	"requires": true,
	"dependencies": {
		"@types/react": {
			"version": "15.6.19",
			"resolved": "https://registry.npmjs.org/@types/react/-/react-15.6.19.tgz",
			"integrity": "sha512-QUgMbR4JWOXOddjzTnieXlqiAWq8mQFbqQd7e5WwllGA3AEwuCE4vMhT05HaYGxHHCItS5vDX9Du0XWD1FQvnw=="
		},
		"@types/react-dom": {
			"version": "15.5.8",
			"resolved": "https://registry.npmjs.org/@types/react-dom/-/react-dom-15.5.8.tgz",
			"integrity": "sha512-b/01pGMrAGcCfhAKx1y5/kmPoX2lCkDfuAcak/JWN2+Aev3UYcU+P3vqM3EiVeGKj4Lyfj8kyRaz7jF7mwbe4w==",
			"requires": {
				"@types/react": "^15"
			}
		},
		"litemol": {
			"version": "github:dsehnal/LiteMol#85ec87c2698b6abeca8a18cf150f0341b8f2c6ea",
			"from": "github:dsehnal/LiteMol",
			"requires": {
				"@types/react": "^15.6.16",
				"@types/react-dom": "^15.5.6"
			}
		},
		"whatwg-fetch": {
			"version": "3.0.0",
			"resolved": "https://registry.npmjs.org/whatwg-fetch/-/whatwg-fetch-3.0.0.tgz",
			"integrity": "sha512-9GSJUgz1D4MfyKU7KRqwOjXCXTqWdFNvEr7eUBYchQiVc744mqK/MzXPNR2WsPkmkOa4ywfg8C2n8h+13Bey1Q=="
		}
	}
}
