# THIS IS AN AUTOGENERATED FILE. DO NOT EDIT THIS FILE DIRECTLY.
# yarn lockfile v1


"@types/react-dom@^15.5.6":
  version "15.5.10"
  resolved "https://registry.yarnpkg.com/@types/react-dom/-/react-dom-15.5.10.tgz#456894b829048a1d7a3ffbb06e81807a6e3a6129"
  integrity sha512-N30VU1b4xJcWGEKeMvwxPWbQMlxEMj1tTK72771PtQuf0vz6P81wg5i152zqm865wZVYGIZymtYEY+XYTLL+YQ==
  dependencies:
    "@types/react" "^15"

"@types/react@^15", "@types/react@^15.6.16":
  version "15.6.24"
  resolved "https://registry.yarnpkg.com/@types/react/-/react-15.6.24.tgz#d1b68113a46bb3491ea44b6fb4c1b5ad57727bf2"
  integrity sha512-IIRqrwuaJWBp2DsxBvwcYWE7jedTflpAlZKIpWuzFD2eXsCLScWSJbdiMJ1TRaWPyfjn7/QQ4zCtjbdkMa1Lmw==

"litemol@github:dsehnal/LiteMol":
  version "2.4.1"
  resolved "https://codeload.github.com/dsehnal/LiteMol/tar.gz/ac2460f00830018f296393335dcab6de8cb58abf"
  dependencies:
    "@types/react" "^15.6.16"
    "@types/react-dom" "^15.5.6"

lodash-es@^4.17.11:
  version "4.17.11"
  resolved "https://registry.yarnpkg.com/lodash-es/-/lodash-es-4.17.11.tgz#145ab4a7ac5c5e52a3531fb4f310255a152b4be0"
  integrity sha512-DHb1ub+rMjjrxqlB3H56/6MXtm1lSksDp2rA2cNWjG8mlDUYFhUj3Di2Zn5IwSU87xLv8tNIQ7sSwE/YOX/D/Q==

whatwg-fetch@^3.0.0:
  version "3.0.0"
  resolved "https://registry.yarnpkg.com/whatwg-fetch/-/whatwg-fetch-3.0.0.tgz#fc804e458cc460009b1a2b966bc8817d2578aefb"
  integrity sha512-9GSJUgz1D4MfyKU7KRqwOjXCXTqWdFNvEr7eUBYchQiVc744mqK/MzXPNR2WsPkmkOa4ywfg8C2n8h+13Bey1Q==
